{
    "name": "打车代驾顺风车货运租车 出行系统 小程序APP源码",
    "version": "3.1.0",
    "lockfileVersion": 2,
    "requires": true,
    "packages": {
        "": {
            "name": "打车代驾顺风车货运租车 出行系统 小程序APP源码",
            "version": "3.1.0",
            "license": "ISC",
            "dependencies": {
                "firstui-uni": "^1.2.0",
                "number-precision": "^1.5.0",
                "uview-ui": "^1.8.2",
                "vuex": "^3.6.0"
            }
        },
        "node_modules/firstui-uni": {
            "version": "1.2.0",
            "resolved": "https://registry.npmjs.org/firstui-uni/-/firstui-uni-1.2.0.tgz",
            "integrity": "sha512-sE7h/7yfmLnqhKC68Cme6IcVk4bQEvh/2laGhZxfI28v9gOMJwIrCfPAevNub6ZfNzc2LfPIUvjFppTM+oXQ/Q=="
        },
        "node_modules/number-precision": {
            "version": "1.5.2",
            "resolved": "https://registry.npmjs.org/number-precision/-/number-precision-1.5.2.tgz",
            "integrity": "sha512-q7C1ZW3FyjsJ+IpGB6ykX8OWWa5+6M+hEY0zXBlzq1Sq1IPY9GeI3CQ9b2i6CMIYoeSuFhop2Av/OhCxClXqag=="
        },
        "node_modules/uview-ui": {
            "version": "1.8.5",
            "resolved": "https://registry.npmjs.org/uview-ui/-/uview-ui-1.8.5.tgz",
            "integrity": "sha512-dZHtRAH5HW1dLZW5HfO0hDrGpcxnMgbLDLKxbM/jRvgytJBKF7icpuIU607fVF0lGaKp3jUE/IhqoIw4uliYAA=="
        },
        "node_modules/vue": {
            "version": "2.6.14",
            "resolved": "https://registry.npmjs.org/vue/-/vue-2.6.14.tgz",
            "integrity": "sha512-x2284lgYvjOMj3Za7kqzRcUSxBboHqtgRE2zlos1qWaOye5yUmHn42LB1250NJBLRwEcdrB0JRwyPTEPhfQjiQ==",
            "peer": true
        },
        "node_modules/vuex": {
            "version": "3.6.2",
            "resolved": "https://registry.npmjs.org/vuex/-/vuex-3.6.2.tgz",
            "integrity": "sha512-ETW44IqCgBpVomy520DT5jf8n0zoCac+sxWnn+hMe/CzaSejb/eVw2YToiXYX+Ex/AuHHia28vWTq4goAexFbw==",
            "peerDependencies": {
                "vue": "^2.0.0"
            }
        }
    },
    "dependencies": {
        "firstui-uni": {
            "version": "1.2.0",
            "resolved": "https://registry.npmjs.org/firstui-uni/-/firstui-uni-1.2.0.tgz",
            "integrity": "sha512-sE7h/7yfmLnqhKC68Cme6IcVk4bQEvh/2laGhZxfI28v9gOMJwIrCfPAevNub6ZfNzc2LfPIUvjFppTM+oXQ/Q=="
        },
        "number-precision": {
            "version": "1.5.2",
            "resolved": "https://registry.npmjs.org/number-precision/-/number-precision-1.5.2.tgz",
            "integrity": "sha512-q7C1ZW3FyjsJ+IpGB6ykX8OWWa5+6M+hEY0zXBlzq1Sq1IPY9GeI3CQ9b2i6CMIYoeSuFhop2Av/OhCxClXqag=="
        },
        "uview-ui": {
            "version": "1.8.5",
            "resolved": "https://registry.npmjs.org/uview-ui/-/uview-ui-1.8.5.tgz",
            "integrity": "sha512-dZHtRAH5HW1dLZW5HfO0hDrGpcxnMgbLDLKxbM/jRvgytJBKF7icpuIU607fVF0lGaKp3jUE/IhqoIw4uliYAA=="
        },
        "vue": {
            "version": "2.6.14",
            "resolved": "https://registry.npmjs.org/vue/-/vue-2.6.14.tgz",
            "integrity": "sha512-x2284lgYvjOMj3Za7kqzRcUSxBboHqtgRE2zlos1qWaOye5yUmHn42LB1250NJBLRwEcdrB0JRwyPTEPhfQjiQ==",
            "peer": true
        },
        "vuex": {
            "version": "3.6.2",
            "resolved": "https://registry.npmjs.org/vuex/-/vuex-3.6.2.tgz",
            "integrity": "sha512-ETW44IqCgBpVomy520DT5jf8n0zoCac+sxWnn+hMe/CzaSejb/eVw2YToiXYX+Ex/AuHHia28vWTq4goAexFbw==",
            "requires": {}
        }
    }
}
